
Microsoft Visual Studio Solution File, Format Version 12.00
# Visual Studio Version 17
VisualStudioVersion = 17.0.31903.59
MinimumVisualStudioVersion = 10.0.40219.1
Project("{FAE04EC0-301F-11D3-BF4B-00C04F79EFBC}") = "BinaryIndexedTree", "BinaryIndexedTree\BinaryIndexedTree.csproj", "{2C4423B6-A63A-48EF-980E-59298E7673AF}"
EndProject
Project("{FAE04EC0-301F-11D3-BF4B-00C04F79EFBC}") = "Benchmark", "Benchmark\Benchmark.csproj", "{4BCB1078-DC56-402B-898F-67A0297CE7A7}"
EndProject
Global
	GlobalSection(SolutionConfigurationPlatforms) = preSolution
		Debug|Any CPU = Debug|Any CPU
		Release|Any CPU = Release|Any CPU
	EndGlobalSection
	GlobalSection(SolutionProperties) = preSolution
		HideSolutionNode = FALSE
	EndGlobalSection
	GlobalSection(ProjectConfigurationPlatforms) = postSolution
		{2C4423B6-A63A-48EF-980E-59298E7673AF}.Debug|Any CPU.ActiveCfg = Debug|Any CPU
		{2C4423B6-A63A-48EF-980E-59298E7673AF}.Debug|Any CPU.Build.0 = Debug|Any CPU
		{2C4423B6-A63A-48EF-980E-59298E7673AF}.Release|Any CPU.ActiveCfg = Release|Any CPU
		{2C4423B6-A63A-48EF-980E-59298E7673AF}.Release|Any CPU.Build.0 = Release|Any CPU
		{4BCB1078-DC56-402B-898F-67A0297CE7A7}.Debug|Any CPU.ActiveCfg = Debug|Any CPU
		{4BCB1078-DC56-402B-898F-67A0297CE7A7}.Debug|Any CPU.Build.0 = Debug|Any CPU
		{4BCB1078-DC56-402B-898F-67A0297CE7A7}.Release|Any CPU.ActiveCfg = Release|Any CPU
		{4BCB1078-DC56-402B-898F-67A0297CE7A7}.Release|Any CPU.Build.0 = Release|Any CPU
	EndGlobalSection
EndGlobal
